
Microsoft Visual Studio Solution File, Format Version 12.00
# Visual Studio Version 16
VisualStudioVersion = 16.0.30517.126
MinimumVisualStudioVersion = 10.0.40219.1
Project("{9A19103F-16F7-4668-BE54-9A1E7A4F7556}") = "FizzBuzz", "FizzBuzz\FizzBuzz.csproj", "{B650B163-3595-4717-A479-D0B38D31463F}"
EndProject
Project("{9A19103F-16F7-4668-BE54-9A1E7A4F7556}") = "FizzBuzzTest", "FizzBuzzTest\FizzBuzzTest.csproj", "{ABB35796-52E7-4031-8CA0-EDF1BD8FACAE}"
EndProject
Project("{9A19103F-16F7-4668-BE54-9A1E7A4F7556}") = "BlazorFizzBuzz", "Blazor\BlazorFizzBuzz.csproj", "{2EA873D1-47F3-4B7E-9265-F8AD057E3E46}"
EndProject
Global
	GlobalSection(SolutionConfigurationPlatforms) = preSolution
		Debug|Any CPU = Debug|Any CPU
		Release|Any CPU = Release|Any CPU
	EndGlobalSection
	GlobalSection(ProjectConfigurationPlatforms) = postSolution
		{B650B163-3595-4717-A479-D0B38D31463F}.Debug|Any CPU.ActiveCfg = Debug|Any CPU
		{B650B163-3595-4717-A479-D0B38D31463F}.Debug|Any CPU.Build.0 = Debug|Any CPU
		{B650B163-3595-4717-A479-D0B38D31463F}.Release|Any CPU.ActiveCfg = Release|Any CPU
		{B650B163-3595-4717-A479-D0B38D31463F}.Release|Any CPU.Build.0 = Release|Any CPU
		{ABB35796-52E7-4031-8CA0-EDF1BD8FACAE}.Debug|Any CPU.ActiveCfg = Debug|Any CPU
		{ABB35796-52E7-4031-8CA0-EDF1BD8FACAE}.Debug|Any CPU.Build.0 = Debug|Any CPU
		{ABB35796-52E7-4031-8CA0-EDF1BD8FACAE}.Release|Any CPU.ActiveCfg = Release|Any CPU
		{ABB35796-52E7-4031-8CA0-EDF1BD8FACAE}.Release|Any CPU.Build.0 = Release|Any CPU
		{2EA873D1-47F3-4B7E-9265-F8AD057E3E46}.Debug|Any CPU.ActiveCfg = Debug|Any CPU
		{2EA873D1-47F3-4B7E-9265-F8AD057E3E46}.Debug|Any CPU.Build.0 = Debug|Any CPU
		{2EA873D1-47F3-4B7E-9265-F8AD057E3E46}.Release|Any CPU.ActiveCfg = Release|Any CPU
		{2EA873D1-47F3-4B7E-9265-F8AD057E3E46}.Release|Any CPU.Build.0 = Release|Any CPU
	EndGlobalSection
	GlobalSection(SolutionProperties) = preSolution
		HideSolutionNode = FALSE
	EndGlobalSection
	GlobalSection(ExtensibilityGlobals) = postSolution
		SolutionGuid = {35F3C36D-7410-469F-B424-E381711BEBAA}
	EndGlobalSection
EndGlobal
